
Microsoft Visual Studio Solution File, Format Version 12.00
Project("{FAE04EC0-301F-11D3-BF4B-00C04F79EFBC}") = "WelcomeHome.Sdk", "WelcomeHome.Sdk\WelcomeHome.Sdk.csproj", "{9FE49002-7B8F-4E8A-8659-30ED9AC181F0}"
EndProject
Global
	GlobalSection(SolutionConfigurationPlatforms) = preSolution
		Debug|Any CPU = Debug|Any CPU
		Release|Any CPU = Release|Any CPU
	EndGlobalSection
	GlobalSection(ProjectConfigurationPlatforms) = postSolution
		{9FE49002-7B8F-4E8A-8659-30ED9AC181F0}.Debug|Any CPU.ActiveCfg = Debug|Any CPU
		{9FE49002-7B8F-4E8A-8659-30ED9AC181F0}.Debug|Any CPU.Build.0 = Debug|Any CPU
		{9FE49002-7B8F-4E8A-8659-30ED9AC181F0}.Release|Any CPU.ActiveCfg = Release|Any CPU
		{9FE49002-7B8F-4E8A-8659-30ED9AC181F0}.Release|Any CPU.Build.0 = Release|Any CPU
	EndGlobalSection
EndGlobal
